
Microsoft Visual Studio Solution File, Format Version 12.00
# Visual Studio Version 17
VisualStudioVersion = 17.3.32825.248
MinimumVisualStudioVersion = 10.0.40219.1
Project("{FAE04EC0-301F-11D3-BF4B-00C04F79EFBC}") = "PocMvvmToolkitApp", "PocMvvmToolkitApp\PocMvvmToolkitApp.csproj", "{EDBAF48F-7160-4B68-AD1C-84D86A32B68E}"
EndProject
Global
	GlobalSection(SolutionConfigurationPlatforms) = preSolution
		Debug|ARM = Debug|ARM
		Debug|ARM64 = Debug|ARM64
		Debug|x64 = Debug|x64
		Debug|x86 = Debug|x86
		Release|ARM = Release|ARM
		Release|ARM64 = Release|ARM64
		Release|x64 = Release|x64
		Release|x86 = Release|x86
	EndGlobalSection
	GlobalSection(ProjectConfigurationPlatforms) = postSolution
		{EDBAF48F-7160-4B68-AD1C-84D86A32B68E}.Debug|ARM.ActiveCfg = Debug|ARM
		{EDBAF48F-7160-4B68-AD1C-84D86A32B68E}.Debug|ARM.Build.0 = Debug|ARM
		{EDBAF48F-7160-4B68-AD1C-84D86A32B68E}.Debug|ARM.Deploy.0 = Debug|ARM
		{EDBAF48F-7160-4B68-AD1C-84D86A32B68E}.Debug|ARM64.ActiveCfg = Debug|ARM64
		{EDBAF48F-7160-4B68-AD1C-84D86A32B68E}.Debug|ARM64.Build.0 = Debug|ARM64
		{EDBAF48F-7160-4B68-AD1C-84D86A32B68E}.Debug|ARM64.Deploy.0 = Debug|ARM64
		{EDBAF48F-7160-4B68-AD1C-84D86A32B68E}.Debug|x64.ActiveCfg = Debug|x64
		{EDBAF48F-7160-4B68-AD1C-84D86A32B68E}.Debug|x64.Build.0 = Debug|x64
		{EDBAF48F-7160-4B68-AD1C-84D86A32B68E}.Debug|x64.Deploy.0 = Debug|x64
		{EDBAF48F-7160-4B68-AD1C-84D86A32B68E}.Debug|x86.ActiveCfg = Debug|x86
		{EDBAF48F-7160-4B68-AD1C-84D86A32B68E}.Debug|x86.Build.0 = Debug|x86
		{EDBAF48F-7160-4B68-AD1C-84D86A32B68E}.Debug|x86.Deploy.0 = Debug|x86
		{EDBAF48F-7160-4B68-AD1C-84D86A32B68E}.Release|ARM.ActiveCfg = Release|ARM
		{EDBAF48F-7160-4B68-AD1C-84D86A32B68E}.Release|ARM.Build.0 = Release|ARM
		{EDBAF48F-7160-4B68-AD1C-84D86A32B68E}.Release|ARM.Deploy.0 = Release|ARM
		{EDBAF48F-7160-4B68-AD1C-84D86A32B68E}.Release|ARM64.ActiveCfg = Release|ARM64
		{EDBAF48F-7160-4B68-AD1C-84D86A32B68E}.Release|ARM64.Build.0 = Release|ARM64
		{EDBAF48F-7160-4B68-AD1C-84D86A32B68E}.Release|ARM64.Deploy.0 = Release|ARM64
		{EDBAF48F-7160-4B68-AD1C-84D86A32B68E}.Release|x64.ActiveCfg = Release|x64
		{EDBAF48F-7160-4B68-AD1C-84D86A32B68E}.Release|x64.Build.0 = Release|x64
		{EDBAF48F-7160-4B68-AD1C-84D86A32B68E}.Release|x64.Deploy.0 = Release|x64
		{EDBAF48F-7160-4B68-AD1C-84D86A32B68E}.Release|x86.ActiveCfg = Release|x86
		{EDBAF48F-7160-4B68-AD1C-84D86A32B68E}.Release|x86.Build.0 = Release|x86
		{EDBAF48F-7160-4B68-AD1C-84D86A32B68E}.Release|x86.Deploy.0 = Release|x86
	EndGlobalSection
	GlobalSection(SolutionProperties) = preSolution
		HideSolutionNode = FALSE
	EndGlobalSection
	GlobalSection(ExtensibilityGlobals) = postSolution
		SolutionGuid = {5C030886-0FFF-4025-925C-EDD98DCE3BA8}
	EndGlobalSection
EndGlobal
